
Microsoft Visual Studio Solution File, Format Version 12.00
# Visual Studio Version 17
VisualStudioVersion = 17.8.34511.84
MinimumVisualStudioVersion = 10.0.40219.1
Project("{9A19103F-16F7-4668-BE54-9A1E7A4F7556}") = "DecoratorDesignPattern", "DesignPatterns\Decorator\DecoratorDesignPattern.csproj", "{EF03C58C-5714-4775-8288-FACC1811B7C1}"
EndProject
Project("{FAE04EC0-301F-11D3-BF4B-00C04F79EFBC}") = "RuleEngineExample", "DesignPatterns\RulesEngine\RuleEngineExample\RuleEngineExample.csproj", "{4D43219B-59F6-4B65-9A9D-CF0F5C04DE49}"
EndProject
Project("{9A19103F-16F7-4668-BE54-9A1E7A4F7556}") = "Builder Pattern", "DesignPatterns\Builder Pattern\Builder Pattern.csproj", "{F66C640B-D4B5-4892-B272-BB7FAD832296}"
EndProject
Global
	GlobalSection(SolutionConfigurationPlatforms) = preSolution
		Debug|Any CPU = Debug|Any CPU
		Release|Any CPU = Release|Any CPU
	EndGlobalSection
	GlobalSection(ProjectConfigurationPlatforms) = postSolution
		{EF03C58C-5714-4775-8288-FACC1811B7C1}.Debug|Any CPU.ActiveCfg = Debug|Any CPU
		{EF03C58C-5714-4775-8288-FACC1811B7C1}.Debug|Any CPU.Build.0 = Debug|Any CPU
		{EF03C58C-5714-4775-8288-FACC1811B7C1}.Release|Any CPU.ActiveCfg = Release|Any CPU
		{EF03C58C-5714-4775-8288-FACC1811B7C1}.Release|Any CPU.Build.0 = Release|Any CPU
		{4D43219B-59F6-4B65-9A9D-CF0F5C04DE49}.Debug|Any CPU.ActiveCfg = Debug|Any CPU
		{4D43219B-59F6-4B65-9A9D-CF0F5C04DE49}.Debug|Any CPU.Build.0 = Debug|Any CPU
		{4D43219B-59F6-4B65-9A9D-CF0F5C04DE49}.Release|Any CPU.ActiveCfg = Release|Any CPU
		{4D43219B-59F6-4B65-9A9D-CF0F5C04DE49}.Release|Any CPU.Build.0 = Release|Any CPU
		{F66C640B-D4B5-4892-B272-BB7FAD832296}.Debug|Any CPU.ActiveCfg = Debug|Any CPU
		{F66C640B-D4B5-4892-B272-BB7FAD832296}.Debug|Any CPU.Build.0 = Debug|Any CPU
		{F66C640B-D4B5-4892-B272-BB7FAD832296}.Release|Any CPU.ActiveCfg = Release|Any CPU
		{F66C640B-D4B5-4892-B272-BB7FAD832296}.Release|Any CPU.Build.0 = Release|Any CPU
	EndGlobalSection
	GlobalSection(SolutionProperties) = preSolution
		HideSolutionNode = FALSE
	EndGlobalSection
	GlobalSection(ExtensibilityGlobals) = postSolution
		SolutionGuid = {24555D61-FFC5-478F-BC6D-7672552DC702}
	EndGlobalSection
EndGlobal
